
Microsoft Visual Studio Solution File, Format Version 12.00
# Visual Studio Version 17
VisualStudioVersion = 17.4.33205.214
MinimumVisualStudioVersion = 10.0.40219.1
Project("{FAE04EC0-301F-11D3-BF4B-00C04F79EFBC}") = "Portfolio", "Portfolio.csproj", "{6D61200E-18FE-4CCF-9B0C-EAE9E7E05382}"
EndProject
Global
	GlobalSection(SolutionConfigurationPlatforms) = preSolution
		Debug|Any CPU = Debug|Any CPU
		Release|Any CPU = Release|Any CPU
	EndGlobalSection
	GlobalSection(ProjectConfigurationPlatforms) = postSolution
		{6D61200E-18FE-4CCF-9B0C-EAE9E7E05382}.Debug|Any CPU.ActiveCfg = Debug|Any CPU
		{6D61200E-18FE-4CCF-9B0C-EAE9E7E05382}.Debug|Any CPU.Build.0 = Debug|Any CPU
		{6D61200E-18FE-4CCF-9B0C-EAE9E7E05382}.Release|Any CPU.ActiveCfg = Release|Any CPU
		{6D61200E-18FE-4CCF-9B0C-EAE9E7E05382}.Release|Any CPU.Build.0 = Release|Any CPU
	EndGlobalSection
	GlobalSection(SolutionProperties) = preSolution
		HideSolutionNode = FALSE
	EndGlobalSection
	GlobalSection(ExtensibilityGlobals) = postSolution
		SolutionGuid = {FBC965BD-7ED4-4211-A177-6A835F70696C}
	EndGlobalSection
EndGlobal
